PODS:
  - Bolts (1.1.3)
  - CrittercismSDK (5.0.7)
  - CSStickyHeaderFlowLayout (0.2.3)
  - MHPrettyDate (1.1.1)
  - MRProgress (0.8.1):
    - MRProgress/ActivityIndicator (= 0.8.1)
    - MRProgress/Blur (= 0.8.1)
    - MRProgress/Circular (= 0.8.1)
    - MRProgress/Icons (= 0.8.1)
    - MRProgress/NavigationBarProgress (= 0.8.1)
    - MRProgress/Overlay (= 0.8.1)
  - MRProgress/ActivityIndicator (0.8.1):
    - MRProgress/Stopable
  - MRProgress/Blur (0.8.1):
    - MRProgress/Helper
  - MRProgress/Circular (0.8.1):
    - MRProgress/Helper
    - MRProgress/ProgressBaseClass
    - MRProgress/Stopable
  - MRProgress/Helper (0.8.1)
  - MRProgress/Icons (0.8.1)
  - MRProgress/NavigationBarProgress (0.8.1):
    - MRProgress/ProgressBaseClass
  - MRProgress/Overlay (0.8.1):
    - MRProgress/ActivityIndicator
    - MRProgress/Blur
    - MRProgress/Circular
    - MRProgress/Helper
    - MRProgress/Icons
  - MRProgress/ProgressBaseClass (0.8.1)
  - MRProgress/Stopable (0.8.1):
    - MRProgress/Helper
  - Parse (1.6.0):
    - Bolts (~> 1.1.3)
  - PNChart (0.3.3):
    - UICountingLabel (~> 1.0.0)
  - pop (1.0.7)
  - UICountingLabel (1.0.0)
  - XLForm (2.1.0)

DEPENDENCIES:
  - Bolts (~> 1.1)
  - CrittercismSDK
  - CSStickyHeaderFlowLayout
  - MHPrettyDate
  - MRProgress (~> 0.6)
  - Parse (~> 1.2)
  - PNChart (from `https://github.com/mhahn/PNChart.git`)
  - pop
  - UICountingLabel
  - XLForm (~> 2.0)

EXTERNAL SOURCES:
  PNChart:
    :git: https://github.com/mhahn/PNChart.git

CHECKOUT OPTIONS:
  PNChart:
    :commit: 3e889b7f9fe994122ce74e6b2a55e2fde20431a5
    :git: https://github.com/mhahn/PNChart.git

SPEC CHECKSUMS:
  Bolts: e431c88fd02115d4a34016c2100bbfa4d2d5b146
  CrittercismSDK: f1364ebf70823dea25a5f5edbed31f445b36120a
  CSStickyHeaderFlowLayout: 42633a45d33abd6dd6937b81b6d2381e01c86835
  MHPrettyDate: e0e5975041f0210c0542f4c5d7e3e44d1a8537be
  MRProgress: 72653f3ffd13c7bbac8c9de1da9bf0249fc2717d
  Parse: 049e2ce21644e2ffa61534dc6ce51b38e3e03846
  PNChart: 78ee288d3bf8112dc5fe14b8911d9fd3b7c1adad
  pop: 628ffc631644601567ee8bfaaaea493ebd7d0923
  UICountingLabel: 540feeca6bbb78be892c8ab75b6ad02313cb2b10
  XLForm: ba9e657a360a810ab1f64cc2cd6307fd99a86866

COCOAPODS: 0.39.0
