PODS:
  - Bolts (1.1.0)
  - CrittercismSDK (4.3.4)
  - Facebook-iOS-SDK (3.15.1):
    - Bolts
  - Parse (1.2.19):
    - Facebook-iOS-SDK (~> 3.11)

DEPENDENCIES:
  - CrittercismSDK
  - Parse

SPEC CHECKSUMS:
  Bolts: 91c2af8eae1d44e1dd75946a5b0ae04a43ea43e4
  CrittercismSDK: d32f9f730158e3e646c445b752d7851710a1fed2
  Facebook-iOS-SDK: 56214af8e0ef16e751eb2804250326b709e571b8
  Parse: ffebaecaddd32cb52671010f81567c298ff93d04

COCOAPODS: 0.33.1
