// !$*UTF8*$!
{
	archiveVersion = 1;
	classes = {
	};
	objectVersion = 46;
	objects = {

/* Begin PBXBuildFile section */
		2C667486197449B000434802 /* (null) in Resources */ = {isa = PBXBuildFile; };
		2C66748A1974923F00434802 /* GoalDetailViewController.m in Sources */ = {isa = PBXBuildFile; fileRef = 2C6674881974923F00434802 /* GoalDetailViewController.m */; };
		2C66748B1974923F00434802 /* GoalDetailViewController.xib in Resources */ = {isa = PBXBuildFile; fileRef = 2C6674891974923F00434802 /* GoalDetailViewController.xib */; };
		2C66748E1974FDB600434802 /* Utilities.m in Sources */ = {isa = PBXBuildFile; fileRef = 2C66748D1974FDB600434802 /* Utilities.m */; };
		2C84014519787F69008D9D73 /* GoalStatsView.xib in Resources */ = {isa = PBXBuildFile; fileRef = 2C84014419787F69008D9D73 /* GoalStatsView.xib */; };
		2C84014819787FB4008D9D73 /* GoalStatsView.m in Sources */ = {isa = PBXBuildFile; fileRef = 2C84014719787FB4008D9D73 /* GoalStatsView.m */; };
		2C95F618197CC91400862497 /* Reveal.framework in Frameworks */ = {isa = PBXBuildFile; fileRef = 2C95F617197CC91400862497 /* Reveal.framework */; };
		2C95F61B197DDAE600862497 /* NoGoalView.m in Sources */ = {isa = PBXBuildFile; fileRef = 2C95F61A197DDAE600862497 /* NoGoalView.m */; };
		2C95F61D197DDAF700862497 /* NoGoalView.xib in Resources */ = {isa = PBXBuildFile; fileRef = 2C95F61C197DDAF700862497 /* NoGoalView.xib */; };
		2C95F661197E5D5700862497 /* GoalSet.m in Sources */ = {isa = PBXBuildFile; fileRef = 2C95F660197E5D5700862497 /* GoalSet.m */; };
		2CB5A498197F798E004E42D8 /* SliceProgressBar.m in Sources */ = {isa = PBXBuildFile; fileRef = 2CB5A497197F798E004E42D8 /* SliceProgressBar.m */; };
		2CB5A49B197F9770004E42D8 /* ProgressDataSlice.m in Sources */ = {isa = PBXBuildFile; fileRef = 2CB5A49A197F9770004E42D8 /* ProgressDataSlice.m */; };
		2CB5A4A1197F9DE8004E42D8 /* SliceView.m in Sources */ = {isa = PBXBuildFile; fileRef = 2CB5A4A0197F9DE8004E42D8 /* SliceView.m */; };
		2CBA46911965DE3A00C6BEDF /* Foundation.framework in Frameworks */ = {isa = PBXBuildFile; fileRef = 2CBA46901965DE3A00C6BEDF /* Foundation.framework */; };
		2CBA46931965DE3A00C6BEDF /* CoreGraphics.framework in Frameworks */ = {isa = PBXBuildFile; fileRef = 2CBA46921965DE3A00C6BEDF /* CoreGraphics.framework */; };
		2CBA46951965DE3A00C6BEDF /* UIKit.framework in Frameworks */ = {isa = PBXBuildFile; fileRef = 2CBA46941965DE3A00C6BEDF /* UIKit.framework */; };
		2CBA469B1965DE3A00C6BEDF /* InfoPlist.strings in Resources */ = {isa = PBXBuildFile; fileRef = 2CBA46991965DE3A00C6BEDF /* InfoPlist.strings */; };
		2CBA469D1965DE3A00C6BEDF /* main.m in Sources */ = {isa = PBXBuildFile; fileRef = 2CBA469C1965DE3A00C6BEDF /* main.m */; };
		2CBA46A11965DE3A00C6BEDF /* AppDelegate.m in Sources */ = {isa = PBXBuildFile; fileRef = 2CBA46A01965DE3A00C6BEDF /* AppDelegate.m */; };
		2CBA46A31965DE3A00C6BEDF /* Images.xcassets in Resources */ = {isa = PBXBuildFile; fileRef = 2CBA46A21965DE3A00C6BEDF /* Images.xcassets */; };
		2CBA46AA1965DE3A00C6BEDF /* XCTest.framework in Frameworks */ = {isa = PBXBuildFile; fileRef = 2CBA46A91965DE3A00C6BEDF /* XCTest.framework */; };
		2CBA46AB1965DE3A00C6BEDF /* Foundation.framework in Frameworks */ = {isa = PBXBuildFile; fileRef = 2CBA46901965DE3A00C6BEDF /* Foundation.framework */; };
		2CBA46AC1965DE3A00C6BEDF /* UIKit.framework in Frameworks */ = {isa = PBXBuildFile; fileRef = 2CBA46941965DE3A00C6BEDF /* UIKit.framework */; };
		2CBA46B41965DE3A00C6BEDF /* InfoPlist.strings in Resources */ = {isa = PBXBuildFile; fileRef = 2CBA46B21965DE3A00C6BEDF /* InfoPlist.strings */; };
		2CBA46B61965DE3A00C6BEDF /* MAFTests.m in Sources */ = {isa = PBXBuildFile; fileRef = 2CBA46B51965DE3A00C6BEDF /* MAFTests.m */; };
		2CC35A15197B1D3100716B37 /* LendingSocialCell.m in Sources */ = {isa = PBXBuildFile; fileRef = 2CC35A14197B1D3100716B37 /* LendingSocialCell.m */; };
		2CC35A19197B1D9500716B37 /* LendingSocialCell.xib in Resources */ = {isa = PBXBuildFile; fileRef = 2CC35A18197B1D9500716B37 /* LendingSocialCell.xib */; };
		2CD7C1EF1975FBA1007F6CB8 /* CashOverView.m in Sources */ = {isa = PBXBuildFile; fileRef = 2CD7C1EE1975FBA1007F6CB8 /* CashOverView.m */; };
		2CD7C1F11975FBBA007F6CB8 /* CashOverView.xib in Resources */ = {isa = PBXBuildFile; fileRef = 2CD7C1F01975FBBA007F6CB8 /* CashOverView.xib */; };
		2CD7C1F71975FD08007F6CB8 /* GoalCardView.m in Sources */ = {isa = PBXBuildFile; fileRef = 2CD7C1F61975FD08007F6CB8 /* GoalCardView.m */; };
		2CD7C1F91975FD1B007F6CB8 /* GoalCardView.xib in Resources */ = {isa = PBXBuildFile; fileRef = 2CD7C1F81975FD1B007F6CB8 /* GoalCardView.xib */; };
		BA0C9B061975D79B00B15AEC /* CreateTransactionTableViewCell.m in Sources */ = {isa = PBXBuildFile; fileRef = BA0C9B041975D79B00B15AEC /* CreateTransactionTableViewCell.m */; };
		BA0C9B071975D79B00B15AEC /* CreateTransactionTableViewCell.xib in Resources */ = {isa = PBXBuildFile; fileRef = BA0C9B051975D79B00B15AEC /* CreateTransactionTableViewCell.xib */; };
		BA2BF6E5197B6541006BE506 /* ServicesConfig.plist in Resources */ = {isa = PBXBuildFile; fileRef = BA2BF6E4197B6541006BE506 /* ServicesConfig.plist */; };
		BAE442EB197F557E00F2A027 /* SimpleTransactionViewController.m in Sources */ = {isa = PBXBuildFile; fileRef = BAE442E9197F557E00F2A027 /* SimpleTransactionViewController.m */; };
		BAE442EC197F557E00F2A027 /* SimpleTransactionViewController.xib in Resources */ = {isa = PBXBuildFile; fileRef = BAE442EA197F557E00F2A027 /* SimpleTransactionViewController.xib */; };
		BAFB2C1C1975D39400A11C56 /* MultiInputViewController.m in Sources */ = {isa = PBXBuildFile; fileRef = BAFB2C1A1975D39400A11C56 /* MultiInputViewController.m */; };
		BAFB2C1D1975D39400A11C56 /* MultiInputViewController.xib in Resources */ = {isa = PBXBuildFile; fileRef = BAFB2C1B1975D39400A11C56 /* MultiInputViewController.xib */; };
		BF144316196A231100C2BB38 /* LoginViewController.m in Sources */ = {isa = PBXBuildFile; fileRef = BF144314196A231100C2BB38 /* LoginViewController.m */; };
		BF144320196A293600C2BB38 /* SignupViewController.m in Sources */ = {isa = PBXBuildFile; fileRef = BF14431F196A293600C2BB38 /* SignupViewController.m */; };
		BF144324196A2A6600C2BB38 /* DashboardViewController.m in Sources */ = {isa = PBXBuildFile; fileRef = BF144322196A2A6600C2BB38 /* DashboardViewController.m */; };
		BF144325196A2A6600C2BB38 /* DashboardViewController.xib in Resources */ = {isa = PBXBuildFile; fileRef = BF144323196A2A6600C2BB38 /* DashboardViewController.xib */; };
		BF144328196A3BB400C2BB38 /* GoalManager.m in Sources */ = {isa = PBXBuildFile; fileRef = BF144327196A3BB400C2BB38 /* GoalManager.m */; };
		BF14432E196A471300C2BB38 /* Goal.m in Sources */ = {isa = PBXBuildFile; fileRef = BF14432D196A471300C2BB38 /* Goal.m */; };
		BF144331196A4FAD00C2BB38 /* Transaction.m in Sources */ = {isa = PBXBuildFile; fileRef = BF144330196A4FAD00C2BB38 /* Transaction.m */; };
		BF14433D196A7CB900C2BB38 /* CreateGoalViewController.m in Sources */ = {isa = PBXBuildFile; fileRef = BF14433C196A7CB900C2BB38 /* CreateGoalViewController.m */; };
		BF144351196A95D600C2BB38 /* TransactionTableViewCell.m in Sources */ = {isa = PBXBuildFile; fileRef = BF14434F196A95D600C2BB38 /* TransactionTableViewCell.m */; };
		BF144352196A95D600C2BB38 /* TransactionTableViewCell.xib in Resources */ = {isa = PBXBuildFile; fileRef = BF144350196A95D600C2BB38 /* TransactionTableViewCell.xib */; };
		BF144356196A963000C2BB38 /* TransactionsListViewController.m in Sources */ = {isa = PBXBuildFile; fileRef = BF144354196A963000C2BB38 /* TransactionsListViewController.m */; };
		BF144357196A963000C2BB38 /* TransactionsListViewController.xib in Resources */ = {isa = PBXBuildFile; fileRef = BF144355196A963000C2BB38 /* TransactionsListViewController.xib */; };
		BF1B2FF819770B1100F68B2E /* TransactionCategory.m in Sources */ = {isa = PBXBuildFile; fileRef = BF1B2FF719770B1100F68B2E /* TransactionCategory.m */; };
		BF1B2FFF197757AB00F68B2E /* TransactionsSummaryHeaderView.m in Sources */ = {isa = PBXBuildFile; fileRef = BF1B2FFD197757AB00F68B2E /* TransactionsSummaryHeaderView.m */; };
		BF1B3000197757AB00F68B2E /* TransactionsSummaryHeaderView.xib in Resources */ = {isa = PBXBuildFile; fileRef = BF1B2FFE197757AB00F68B2E /* TransactionsSummaryHeaderView.xib */; };
		BF1B300319775E6200F68B2E /* TransactionsSet.m in Sources */ = {isa = PBXBuildFile; fileRef = BF1B300219775E6200F68B2E /* TransactionsSet.m */; };
		BF277999196BBA11005D4838 /* CreateGoalForm.m in Sources */ = {isa = PBXBuildFile; fileRef = BF277998196BBA11005D4838 /* CreateGoalForm.m */; };
		BF27799C196BC40B005D4838 /* MAFActionFormButtonCell.m in Sources */ = {isa = PBXBuildFile; fileRef = BF27799B196BC40B005D4838 /* MAFActionFormButtonCell.m */; };
		BF32CC631974B1B70050E3D5 /* CreateTransactionForm.m in Sources */ = {isa = PBXBuildFile; fileRef = BF32CC621974B1B70050E3D5 /* CreateTransactionForm.m */; };
		BF4FC9D8197F3BD900BDF982 /* EmptyTransactionsView.xib in Resources */ = {isa = PBXBuildFile; fileRef = BF4FC9D7197F3BD900BDF982 /* EmptyTransactionsView.xib */; };
		BF4FC9DB197F3BE400BDF982 /* EmptyTransactionsView.m in Sources */ = {isa = PBXBuildFile; fileRef = BF4FC9DA197F3BE400BDF982 /* EmptyTransactionsView.m */; };
		BF865AFF197C593000A128AD /* Friend.m in Sources */ = {isa = PBXBuildFile; fileRef = BF865AFE197C593000A128AD /* Friend.m */; };
		BF865B18197C5F2100A128AD /* OpenSansRegularLabel.m in Sources */ = {isa = PBXBuildFile; fileRef = BF865B17197C5F2100A128AD /* OpenSansRegularLabel.m */; };
		BF865B1B197C615D00A128AD /* OpenSansBoldLabel.m in Sources */ = {isa = PBXBuildFile; fileRef = BF865B1A197C615D00A128AD /* OpenSansBoldLabel.m */; };
		BF865B1E197C619200A128AD /* OpenSansBoldItalicLabel.m in Sources */ = {isa = PBXBuildFile; fileRef = BF865B1D197C619200A128AD /* OpenSansBoldItalicLabel.m */; };
		BF865B21197C61C500A128AD /* OpenSansExtraBoldLabel.m in Sources */ = {isa = PBXBuildFile; fileRef = BF865B20197C61C500A128AD /* OpenSansExtraBoldLabel.m */; };
		BF865B24197C61FF00A128AD /* OpenSansItalicLabel.m in Sources */ = {isa = PBXBuildFile; fileRef = BF865B23197C61FF00A128AD /* OpenSansItalicLabel.m */; };
		BF865B27197C622100A128AD /* OpenSansExtraBoldItalicLabel.m in Sources */ = {isa = PBXBuildFile; fileRef = BF865B26197C622100A128AD /* OpenSansExtraBoldItalicLabel.m */; };
		BF865B2A197C624800A128AD /* OpenSansLightLabel.m in Sources */ = {isa = PBXBuildFile; fileRef = BF865B29197C624800A128AD /* OpenSansLightLabel.m */; };
		BF865B2D197C626800A128AD /* OpenSansLightItalicLabel.m in Sources */ = {isa = PBXBuildFile; fileRef = BF865B2C197C626800A128AD /* OpenSansLightItalicLabel.m */; };
		BF865B30197C627B00A128AD /* OpenSansSemiBoldLabel.m in Sources */ = {isa = PBXBuildFile; fileRef = BF865B2F197C627B00A128AD /* OpenSansSemiBoldLabel.m */; };
		BF865B33197C629800A128AD /* OpenSansSemiBoldItalicLabel.m in Sources */ = {isa = PBXBuildFile; fileRef = BF865B32197C629800A128AD /* OpenSansSemiBoldItalicLabel.m */; };
		BF865B3F197C682A00A128AD /* OpenSans-Bold.ttf in Resources */ = {isa = PBXBuildFile; fileRef = BF865B35197C682A00A128AD /* OpenSans-Bold.ttf */; };
		BF865B40197C682A00A128AD /* OpenSans-BoldItalic.ttf in Resources */ = {isa = PBXBuildFile; fileRef = BF865B36197C682A00A128AD /* OpenSans-BoldItalic.ttf */; };
		BF865B41197C682A00A128AD /* OpenSans-ExtraBold.ttf in Resources */ = {isa = PBXBuildFile; fileRef = BF865B37197C682A00A128AD /* OpenSans-ExtraBold.ttf */; };
		BF865B42197C682A00A128AD /* OpenSans-ExtraBoldItalic.ttf in Resources */ = {isa = PBXBuildFile; fileRef = BF865B38197C682A00A128AD /* OpenSans-ExtraBoldItalic.ttf */; };
		BF865B43197C682A00A128AD /* OpenSans-Italic.ttf in Resources */ = {isa = PBXBuildFile; fileRef = BF865B39197C682A00A128AD /* OpenSans-Italic.ttf */; };
		BF865B44197C682A00A128AD /* OpenSans-Light.ttf in Resources */ = {isa = PBXBuildFile; fileRef = BF865B3A197C682A00A128AD /* OpenSans-Light.ttf */; };
		BF865B45197C682A00A128AD /* OpenSans-LightItalic.ttf in Resources */ = {isa = PBXBuildFile; fileRef = BF865B3B197C682A00A128AD /* OpenSans-LightItalic.ttf */; };
		BF865B46197C682A00A128AD /* OpenSans-Regular.ttf in Resources */ = {isa = PBXBuildFile; fileRef = BF865B3C197C682A00A128AD /* OpenSans-Regular.ttf */; };
		BF865B47197C682A00A128AD /* OpenSans-Semibold.ttf in Resources */ = {isa = PBXBuildFile; fileRef = BF865B3D197C682A00A128AD /* OpenSans-Semibold.ttf */; };
		BF865B48197C682A00A128AD /* OpenSans-SemiboldItalic.ttf in Resources */ = {isa = PBXBuildFile; fileRef = BF865B3E197C682A00A128AD /* OpenSans-SemiboldItalic.ttf */; };
		BF865B4D197C90DC00A128AD /* TransactionsHeaderView.m in Sources */ = {isa = PBXBuildFile; fileRef = BF865B4C197C90DC00A128AD /* TransactionsHeaderView.m */; };
		BF865B4F197C90F500A128AD /* TransactionsHeaderView.xib in Resources */ = {isa = PBXBuildFile; fileRef = BF865B4E197C90F500A128AD /* TransactionsHeaderView.xib */; };
		BF865B55197CD4D700A128AD /* TransactionManager.m in Sources */ = {isa = PBXBuildFile; fileRef = BF865B52197CD4D700A128AD /* TransactionManager.m */; };
		BF865B56197CD4D700A128AD /* TransactionCategoryManager.m in Sources */ = {isa = PBXBuildFile; fileRef = BF865B54197CD4D700A128AD /* TransactionCategoryManager.m */; };
		BF865B59197D71D800A128AD /* OpenSansLightTextField.m in Sources */ = {isa = PBXBuildFile; fileRef = BF865B58197D71D800A128AD /* OpenSansLightTextField.m */; };
		BFBDEED9197B6B3700FE4348 /* User.m in Sources */ = {isa = PBXBuildFile; fileRef = BFBDEED8197B6B3700FE4348 /* User.m */; };
		C57A3931956D4561A3CA636E /* libPods-MAF.a in Frameworks */ = {isa = PBXBuildFile; fileRef = 16B3346FE0FB4EC3973C6B68 /* libPods-MAF.a */; };
/* End PBXBuildFile section */

/* Begin PBXContainerItemProxy section */
		2CBA46AD1965DE3A00C6BEDF /* PBXContainerItemProxy */ = {
			isa = PBXContainerItemProxy;
			containerPortal = 2CBA46851965DE3A00C6BEDF /* Project object */;
			proxyType = 1;
			remoteGlobalIDString = 2CBA468C1965DE3A00C6BEDF;
			remoteInfo = MAF;
		};
/* End PBXContainerItemProxy section */

/* Begin PBXFileReference section */
		16B3346FE0FB4EC3973C6B68 /* libPods-MAF.a */ = {isa = PBXFileReference; explicitFileType = archive.ar; includeInIndex = 0; path = "libPods-MAF.a"; sourceTree = BUILT_PRODUCTS_DIR; };
		2C6674871974923F00434802 /* GoalDetailViewController.h */ = {isa = PBXFileReference; fileEncoding = 4; lastKnownFileType = sourcecode.c.h; path = GoalDetailViewController.h; sourceTree = "<group>"; };
		2C6674881974923F00434802 /* GoalDetailViewController.m */ = {isa = PBXFileReference; fileEncoding = 4; lastKnownFileType = sourcecode.c.objc; path = GoalDetailViewController.m; sourceTree = "<group>"; };
		2C6674891974923F00434802 /* GoalDetailViewController.xib */ = {isa = PBXFileReference; fileEncoding = 4; lastKnownFileType = file.xib; path = GoalDetailViewController.xib; sourceTree = "<group>"; };
		2C66748C1974FDB600434802 /* Utilities.h */ = {isa = PBXFileReference; fileEncoding = 4; lastKnownFileType = sourcecode.c.h; path = Utilities.h; sourceTree = "<group>"; };
		2C66748D1974FDB600434802 /* Utilities.m */ = {isa = PBXFileReference; fileEncoding = 4; lastKnownFileType = sourcecode.c.objc; path = Utilities.m; sourceTree = "<group>"; };
		2C84014419787F69008D9D73 /* GoalStatsView.xib */ = {isa = PBXFileReference; fileEncoding = 4; lastKnownFileType = file.xib; path = GoalStatsView.xib; sourceTree = "<group>"; };
		2C84014619787FB4008D9D73 /* GoalStatsView.h */ = {isa = PBXFileReference; fileEncoding = 4; lastKnownFileType = sourcecode.c.h; path = GoalStatsView.h; sourceTree = "<group>"; };
		2C84014719787FB4008D9D73 /* GoalStatsView.m */ = {isa = PBXFileReference; fileEncoding = 4; lastKnownFileType = sourcecode.c.objc; path = GoalStatsView.m; sourceTree = "<group>"; };
		2C95F617197CC91400862497 /* Reveal.framework */ = {isa = PBXFileReference; lastKnownFileType = wrapper.framework; path = Reveal.framework; sourceTree = "<group>"; };
		2C95F619197DDAE600862497 /* NoGoalView.h */ = {isa = PBXFileReference; fileEncoding = 4; lastKnownFileType = sourcecode.c.h; path = NoGoalView.h; sourceTree = "<group>"; };
		2C95F61A197DDAE600862497 /* NoGoalView.m */ = {isa = PBXFileReference; fileEncoding = 4; lastKnownFileType = sourcecode.c.objc; path = NoGoalView.m; sourceTree = "<group>"; };
		2C95F61C197DDAF700862497 /* NoGoalView.xib */ = {isa = PBXFileReference; fileEncoding = 4; lastKnownFileType = file.xib; path = NoGoalView.xib; sourceTree = "<group>"; };
		2C95F65F197E5D5700862497 /* GoalSet.h */ = {isa = PBXFileReference; fileEncoding = 4; lastKnownFileType = sourcecode.c.h; path = GoalSet.h; sourceTree = "<group>"; };
		2C95F660197E5D5700862497 /* GoalSet.m */ = {isa = PBXFileReference; fileEncoding = 4; lastKnownFileType = sourcecode.c.objc; path = GoalSet.m; sourceTree = "<group>"; };
		2CB5A496197F798E004E42D8 /* SliceProgressBar.h */ = {isa = PBXFileReference; fileEncoding = 4; lastKnownFileType = sourcecode.c.h; path = SliceProgressBar.h; sourceTree = "<group>"; };
		2CB5A497197F798E004E42D8 /* SliceProgressBar.m */ = {isa = PBXFileReference; fileEncoding = 4; lastKnownFileType = sourcecode.c.objc; path = SliceProgressBar.m; sourceTree = "<group>"; };
		2CB5A499197F9770004E42D8 /* ProgressDataSlice.h */ = {isa = PBXFileReference; fileEncoding = 4; lastKnownFileType = sourcecode.c.h; path = ProgressDataSlice.h; sourceTree = "<group>"; };
		2CB5A49A197F9770004E42D8 /* ProgressDataSlice.m */ = {isa = PBXFileReference; fileEncoding = 4; lastKnownFileType = sourcecode.c.objc; path = ProgressDataSlice.m; sourceTree = "<group>"; };
		2CB5A49F197F9DE8004E42D8 /* SliceView.h */ = {isa = PBXFileReference; fileEncoding = 4; lastKnownFileType = sourcecode.c.h; path = SliceView.h; sourceTree = "<group>"; };
		2CB5A4A0197F9DE8004E42D8 /* SliceView.m */ = {isa = PBXFileReference; fileEncoding = 4; lastKnownFileType = sourcecode.c.objc; path = SliceView.m; sourceTree = "<group>"; };
		2CBA468D1965DE3A00C6BEDF /* MAF.app */ = {isa = PBXFileReference; explicitFileType = wrapper.application; includeInIndex = 0; path = MAF.app; sourceTree = BUILT_PRODUCTS_DIR; };
		2CBA46901965DE3A00C6BEDF /* Foundation.framework */ = {isa = PBXFileReference; lastKnownFileType = wrapper.framework; name = Foundation.framework; path = System/Library/Frameworks/Foundation.framework; sourceTree = SDKROOT; };
		2CBA46921965DE3A00C6BEDF /* CoreGraphics.framework */ = {isa = PBXFileReference; lastKnownFileType = wrapper.framework; name = CoreGraphics.framework; path = System/Library/Frameworks/CoreGraphics.framework; sourceTree = SDKROOT; };
		2CBA46941965DE3A00C6BEDF /* UIKit.framework */ = {isa = PBXFileReference; lastKnownFileType = wrapper.framework; name = UIKit.framework; path = System/Library/Frameworks/UIKit.framework; sourceTree = SDKROOT; };
		2CBA46981965DE3A00C6BEDF /* MAF-Info.plist */ = {isa = PBXFileReference; lastKnownFileType = text.plist.xml; path = "MAF-Info.plist"; sourceTree = "<group>"; };
		2CBA469A1965DE3A00C6BEDF /* en */ = {isa = PBXFileReference; lastKnownFileType = text.plist.strings; name = en; path = en.lproj/InfoPlist.strings; sourceTree = "<group>"; };
		2CBA469C1965DE3A00C6BEDF /* main.m */ = {isa = PBXFileReference; lastKnownFileType = sourcecode.c.objc; path = main.m; sourceTree = "<group>"; };
		2CBA469E1965DE3A00C6BEDF /* MAF-Prefix.pch */ = {isa = PBXFileReference; lastKnownFileType = sourcecode.c.h; path = "MAF-Prefix.pch"; sourceTree = "<group>"; };
		2CBA469F1965DE3A00C6BEDF /* AppDelegate.h */ = {isa = PBXFileReference; lastKnownFileType = sourcecode.c.h; path = AppDelegate.h; sourceTree = "<group>"; };
		2CBA46A01965DE3A00C6BEDF /* AppDelegate.m */ = {isa = PBXFileReference; lastKnownFileType = sourcecode.c.objc; path = AppDelegate.m; sourceTree = "<group>"; };
		2CBA46A21965DE3A00C6BEDF /* Images.xcassets */ = {isa = PBXFileReference; lastKnownFileType = folder.assetcatalog; path = Images.xcassets; sourceTree = "<group>"; };
		2CBA46A81965DE3A00C6BEDF /* MAFTests.xctest */ = {isa = PBXFileReference; explicitFileType = wrapper.cfbundle; includeInIndex = 0; path = MAFTests.xctest; sourceTree = BUILT_PRODUCTS_DIR; };
		2CBA46A91965DE3A00C6BEDF /* XCTest.framework */ = {isa = PBXFileReference; lastKnownFileType = wrapper.framework; name = XCTest.framework; path = Library/Frameworks/XCTest.framework; sourceTree = DEVELOPER_DIR; };
		2CBA46B11965DE3A00C6BEDF /* MAFTests-Info.plist */ = {isa = PBXFileReference; lastKnownFileType = text.plist.xml; path = "MAFTests-Info.plist"; sourceTree = "<group>"; };
		2CBA46B31965DE3A00C6BEDF /* en */ = {isa = PBXFileReference; lastKnownFileType = text.plist.strings; name = en; path = en.lproj/InfoPlist.strings; sourceTree = "<group>"; };
		2CBA46B51965DE3A00C6BEDF /* MAFTests.m */ = {isa = PBXFileReference; lastKnownFileType = sourcecode.c.objc; path = MAFTests.m; sourceTree = "<group>"; };
		2CC35A13197B1D3100716B37 /* LendingSocialCell.h */ = {isa = PBXFileReference; fileEncoding = 4; lastKnownFileType = sourcecode.c.h; path = LendingSocialCell.h; sourceTree = "<group>"; };
		2CC35A14197B1D3100716B37 /* LendingSocialCell.m */ = {isa = PBXFileReference; fileEncoding = 4; lastKnownFileType = sourcecode.c.objc; path = LendingSocialCell.m; sourceTree = "<group>"; };
		2CC35A18197B1D9500716B37 /* LendingSocialCell.xib */ = {isa = PBXFileReference; fileEncoding = 4; lastKnownFileType = file.xib; path = LendingSocialCell.xib; sourceTree = "<group>"; };
		2CD7C1ED1975FBA1007F6CB8 /* CashOverView.h */ = {isa = PBXFileReference; fileEncoding = 4; lastKnownFileType = sourcecode.c.h; path = CashOverView.h; sourceTree = "<group>"; };
		2CD7C1EE1975FBA1007F6CB8 /* CashOverView.m */ = {isa = PBXFileReference; fileEncoding = 4; lastKnownFileType = sourcecode.c.objc; path = CashOverView.m; sourceTree = "<group>"; };
		2CD7C1F01975FBBA007F6CB8 /* CashOverView.xib */ = {isa = PBXFileReference; fileEncoding = 4; lastKnownFileType = file.xib; path = CashOverView.xib; sourceTree = "<group>"; };
		2CD7C1F51975FD08007F6CB8 /* GoalCardView.h */ = {isa = PBXFileReference; fileEncoding = 4; lastKnownFileType = sourcecode.c.h; path = GoalCardView.h; sourceTree = "<group>"; };
		2CD7C1F61975FD08007F6CB8 /* GoalCardView.m */ = {isa = PBXFileReference; fileEncoding = 4; lastKnownFileType = sourcecode.c.objc; path = GoalCardView.m; sourceTree = "<group>"; };
		2CD7C1F81975FD1B007F6CB8 /* GoalCardView.xib */ = {isa = PBXFileReference; fileEncoding = 4; lastKnownFileType = file.xib; path = GoalCardView.xib; sourceTree = "<group>"; };
		2E34DCBB40434C76BFF78BCA /* Pods-MAF.xcconfig */ = {isa = PBXFileReference; includeInIndex = 1; lastKnownFileType = text.xcconfig; name = "Pods-MAF.xcconfig"; path = "Pods/Pods-MAF.xcconfig"; sourceTree = "<group>"; };
		BA0C9B031975D79B00B15AEC /* CreateTransactionTableViewCell.h */ = {isa = PBXFileReference; fileEncoding = 4; lastKnownFileType = sourcecode.c.h; path = CreateTransactionTableViewCell.h; sourceTree = "<group>"; };
		BA0C9B041975D79B00B15AEC /* CreateTransactionTableViewCell.m */ = {isa = PBXFileReference; fileEncoding = 4; lastKnownFileType = sourcecode.c.objc; path = CreateTransactionTableViewCell.m; sourceTree = "<group>"; };
		BA0C9B051975D79B00B15AEC /* CreateTransactionTableViewCell.xib */ = {isa = PBXFileReference; fileEncoding = 4; lastKnownFileType = file.xib; path = CreateTransactionTableViewCell.xib; sourceTree = "<group>"; };
		BA2BF6E4197B6541006BE506 /* ServicesConfig.plist */ = {isa = PBXFileReference; fileEncoding = 4; lastKnownFileType = text.plist.xml; path = ServicesConfig.plist; sourceTree = "<group>"; };
		BAE442E8197F557E00F2A027 /* SimpleTransactionViewController.h */ = {isa = PBXFileReference; fileEncoding = 4; lastKnownFileType = sourcecode.c.h; path = SimpleTransactionViewController.h; sourceTree = "<group>"; };
		BAE442E9197F557E00F2A027 /* SimpleTransactionViewController.m */ = {isa = PBXFileReference; fileEncoding = 4; lastKnownFileType = sourcecode.c.objc; path = SimpleTransactionViewController.m; sourceTree = "<group>"; };
		BAE442EA197F557E00F2A027 /* SimpleTransactionViewController.xib */ = {isa = PBXFileReference; fileEncoding = 4; lastKnownFileType = file.xib; path = SimpleTransactionViewController.xib; sourceTree = "<group>"; };
		BAFB2C191975D39400A11C56 /* MultiInputViewController.h */ = {isa = PBXFileReference; fileEncoding = 4; lastKnownFileType = sourcecode.c.h; path = MultiInputViewController.h; sourceTree = "<group>"; };
		BAFB2C1A1975D39400A11C56 /* MultiInputViewController.m */ = {isa = PBXFileReference; fileEncoding = 4; lastKnownFileType = sourcecode.c.objc; path = MultiInputViewController.m; sourceTree = "<group>"; };
		BAFB2C1B1975D39400A11C56 /* MultiInputViewController.xib */ = {isa = PBXFileReference; fileEncoding = 4; lastKnownFileType = file.xib; path = MultiInputViewController.xib; sourceTree = "<group>"; };
		BF144313196A231100C2BB38 /* LoginViewController.h */ = {isa = PBXFileReference; fileEncoding = 4; lastKnownFileType = sourcecode.c.h; path = LoginViewController.h; sourceTree = "<group>"; };
		BF144314196A231100C2BB38 /* LoginViewController.m */ = {isa = PBXFileReference; fileEncoding = 4; lastKnownFileType = sourcecode.c.objc; path = LoginViewController.m; sourceTree = "<group>"; };
		BF14431E196A293600C2BB38 /* SignupViewController.h */ = {isa = PBXFileReference; fileEncoding = 4; lastKnownFileType = sourcecode.c.h; path = SignupViewController.h; sourceTree = "<group>"; };
		BF14431F196A293600C2BB38 /* SignupViewController.m */ = {isa = PBXFileReference; fileEncoding = 4; lastKnownFileType = sourcecode.c.objc; path = SignupViewController.m; sourceTree = "<group>"; };
		BF144321196A2A6600C2BB38 /* DashboardViewController.h */ = {isa = PBXFileReference; fileEncoding = 4; lastKnownFileType = sourcecode.c.h; path = DashboardViewController.h; sourceTree = "<group>"; };
		BF144322196A2A6600C2BB38 /* DashboardViewController.m */ = {isa = PBXFileReference; fileEncoding = 4; lastKnownFileType = sourcecode.c.objc; path = DashboardViewController.m; sourceTree = "<group>"; };
		BF144323196A2A6600C2BB38 /* DashboardViewController.xib */ = {isa = PBXFileReference; fileEncoding = 4; lastKnownFileType = file.xib; path = DashboardViewController.xib; sourceTree = "<group>"; };
		BF144326196A3BB400C2BB38 /* GoalManager.h */ = {isa = PBXFileReference; fileEncoding = 4; lastKnownFileType = sourcecode.c.h; path = GoalManager.h; sourceTree = "<group>"; };
		BF144327196A3BB400C2BB38 /* GoalManager.m */ = {isa = PBXFileReference; fileEncoding = 4; lastKnownFileType = sourcecode.c.objc; path = GoalManager.m; sourceTree = "<group>"; };
		BF14432C196A471300C2BB38 /* Goal.h */ = {isa = PBXFileReference; fileEncoding = 4; lastKnownFileType = sourcecode.c.h; path = Goal.h; sourceTree = "<group>"; };
		BF14432D196A471300C2BB38 /* Goal.m */ = {isa = PBXFileReference; fileEncoding = 4; lastKnownFileType = sourcecode.c.objc; path = Goal.m; sourceTree = "<group>"; };
		BF14432F196A4FAD00C2BB38 /* Transaction.h */ = {isa = PBXFileReference; fileEncoding = 4; lastKnownFileType = sourcecode.c.h; path = Transaction.h; sourceTree = "<group>"; };
		BF144330196A4FAD00C2BB38 /* Transaction.m */ = {isa = PBXFileReference; fileEncoding = 4; lastKnownFileType = sourcecode.c.objc; path = Transaction.m; sourceTree = "<group>"; };
		BF14433B196A7CB900C2BB38 /* CreateGoalViewController.h */ = {isa = PBXFileReference; fileEncoding = 4; lastKnownFileType = sourcecode.c.h; path = CreateGoalViewController.h; sourceTree = "<group>"; };
		BF14433C196A7CB900C2BB38 /* CreateGoalViewController.m */ = {isa = PBXFileReference; fileEncoding = 4; lastKnownFileType = sourcecode.c.objc; path = CreateGoalViewController.m; sourceTree = "<group>"; };
		BF14434E196A95D600C2BB38 /* TransactionTableViewCell.h */ = {isa = PBXFileReference; fileEncoding = 4; lastKnownFileType = sourcecode.c.h; path = TransactionTableViewCell.h; sourceTree = "<group>"; };
		BF14434F196A95D600C2BB38 /* TransactionTableViewCell.m */ = {isa = PBXFileReference; fileEncoding = 4; lastKnownFileType = sourcecode.c.objc; path = TransactionTableViewCell.m; sourceTree = "<group>"; };
		BF144350196A95D600C2BB38 /* TransactionTableViewCell.xib */ = {isa = PBXFileReference; fileEncoding = 4; lastKnownFileType = file.xib; path = TransactionTableViewCell.xib; sourceTree = "<group>"; };
		BF144353196A963000C2BB38 /* TransactionsListViewController.h */ = {isa = PBXFileReference; fileEncoding = 4; lastKnownFileType = sourcecode.c.h; path = TransactionsListViewController.h; sourceTree = "<group>"; };
		BF144354196A963000C2BB38 /* TransactionsListViewController.m */ = {isa = PBXFileReference; fileEncoding = 4; lastKnownFileType = sourcecode.c.objc; path = TransactionsListViewController.m; sourceTree = "<group>"; };
		BF144355196A963000C2BB38 /* TransactionsListViewController.xib */ = {isa = PBXFileReference; fileEncoding = 4; lastKnownFileType = file.xib; path = TransactionsListViewController.xib; sourceTree = "<group>"; };
		BF1B2FF619770B1100F68B2E /* TransactionCategory.h */ = {isa = PBXFileReference; fileEncoding = 4; lastKnownFileType = sourcecode.c.h; path = TransactionCategory.h; sourceTree = "<group>"; };
		BF1B2FF719770B1100F68B2E /* TransactionCategory.m */ = {isa = PBXFileReference; fileEncoding = 4; lastKnownFileType = sourcecode.c.objc; path = TransactionCategory.m; sourceTree = "<group>"; };
		BF1B2FFC197757AB00F68B2E /* TransactionsSummaryHeaderView.h */ = {isa = PBXFileReference; fileEncoding = 4; lastKnownFileType = sourcecode.c.h; path = TransactionsSummaryHeaderView.h; sourceTree = "<group>"; };
		BF1B2FFD197757AB00F68B2E /* TransactionsSummaryHeaderView.m */ = {isa = PBXFileReference; fileEncoding = 4; lastKnownFileType = sourcecode.c.objc; path = TransactionsSummaryHeaderView.m; sourceTree = "<group>"; };
		BF1B2FFE197757AB00F68B2E /* TransactionsSummaryHeaderView.xib */ = {isa = PBXFileReference; fileEncoding = 4; lastKnownFileType = file.xib; path = TransactionsSummaryHeaderView.xib; sourceTree = "<group>"; };
		BF1B300119775E6200F68B2E /* TransactionsSet.h */ = {isa = PBXFileReference; fileEncoding = 4; lastKnownFileType = sourcecode.c.h; path = TransactionsSet.h; sourceTree = "<group>"; };
		BF1B300219775E6200F68B2E /* TransactionsSet.m */ = {isa = PBXFileReference; fileEncoding = 4; lastKnownFileType = sourcecode.c.objc; path = TransactionsSet.m; sourceTree = "<group>"; };
		BF277997196BBA11005D4838 /* CreateGoalForm.h */ = {isa = PBXFileReference; fileEncoding = 4; lastKnownFileType = sourcecode.c.h; path = CreateGoalForm.h; sourceTree = "<group>"; };
		BF277998196BBA11005D4838 /* CreateGoalForm.m */ = {isa = PBXFileReference; fileEncoding = 4; lastKnownFileType = sourcecode.c.objc; path = CreateGoalForm.m; sourceTree = "<group>"; };
		BF27799A196BC40B005D4838 /* MAFActionFormButtonCell.h */ = {isa = PBXFileReference; fileEncoding = 4; lastKnownFileType = sourcecode.c.h; path = MAFActionFormButtonCell.h; sourceTree = "<group>"; };
		BF27799B196BC40B005D4838 /* MAFActionFormButtonCell.m */ = {isa = PBXFileReference; fileEncoding = 4; lastKnownFileType = sourcecode.c.objc; path = MAFActionFormButtonCell.m; sourceTree = "<group>"; };
		BF32CC5F1974AB7E0050E3D5 /* MAFActionFormButtonDelegate.h */ = {isa = PBXFileReference; lastKnownFileType = sourcecode.c.h; path = MAFActionFormButtonDelegate.h; sourceTree = "<group>"; };
		BF32CC601974AFE80050E3D5 /* XLFormViewController_MAFActionFormButton.h */ = {isa = PBXFileReference; lastKnownFileType = sourcecode.c.h; path = XLFormViewController_MAFActionFormButton.h; sourceTree = "<group>"; };
		BF32CC611974B1B70050E3D5 /* CreateTransactionForm.h */ = {isa = PBXFileReference; fileEncoding = 4; lastKnownFileType = sourcecode.c.h; path = CreateTransactionForm.h; sourceTree = "<group>"; };
		BF32CC621974B1B70050E3D5 /* CreateTransactionForm.m */ = {isa = PBXFileReference; fileEncoding = 4; lastKnownFileType = sourcecode.c.objc; path = CreateTransactionForm.m; sourceTree = "<group>"; };
		BF4FC9D7197F3BD900BDF982 /* EmptyTransactionsView.xib */ = {isa = PBXFileReference; fileEncoding = 4; lastKnownFileType = file.xib; path = EmptyTransactionsView.xib; sourceTree = "<group>"; };
		BF4FC9D9197F3BE400BDF982 /* EmptyTransactionsView.h */ = {isa = PBXFileReference; fileEncoding = 4; lastKnownFileType = sourcecode.c.h; path = EmptyTransactionsView.h; sourceTree = "<group>"; };
		BF4FC9DA197F3BE400BDF982 /* EmptyTransactionsView.m */ = {isa = PBXFileReference; fileEncoding = 4; lastKnownFileType = sourcecode.c.objc; path = EmptyTransactionsView.m; sourceTree = "<group>"; };
		BF865AFD197C593000A128AD /* Friend.h */ = {isa = PBXFileReference; fileEncoding = 4; lastKnownFileType = sourcecode.c.h; path = Friend.h; sourceTree = "<group>"; };
		BF865AFE197C593000A128AD /* Friend.m */ = {isa = PBXFileReference; fileEncoding = 4; lastKnownFileType = sourcecode.c.objc; path = Friend.m; sourceTree = "<group>"; };
		BF865B16197C5F2100A128AD /* OpenSansRegularLabel.h */ = {isa = PBXFileReference; fileEncoding = 4; lastKnownFileType = sourcecode.c.h; path = OpenSansRegularLabel.h; sourceTree = "<group>"; };
		BF865B17197C5F2100A128AD /* OpenSansRegularLabel.m */ = {isa = PBXFileReference; fileEncoding = 4; lastKnownFileType = sourcecode.c.objc; path = OpenSansRegularLabel.m; sourceTree = "<group>"; };
		BF865B19197C615D00A128AD /* OpenSansBoldLabel.h */ = {isa = PBXFileReference; fileEncoding = 4; lastKnownFileType = sourcecode.c.h; path = OpenSansBoldLabel.h; sourceTree = "<group>"; };
		BF865B1A197C615D00A128AD /* OpenSansBoldLabel.m */ = {isa = PBXFileReference; fileEncoding = 4; lastKnownFileType = sourcecode.c.objc; path = OpenSansBoldLabel.m; sourceTree = "<group>"; };
		BF865B1C197C619200A128AD /* OpenSansBoldItalicLabel.h */ = {isa = PBXFileReference; fileEncoding = 4; lastKnownFileType = sourcecode.c.h; path = OpenSansBoldItalicLabel.h; sourceTree = "<group>"; };
		BF865B1D197C619200A128AD /* OpenSansBoldItalicLabel.m */ = {isa = PBXFileReference; fileEncoding = 4; lastKnownFileType = sourcecode.c.objc; path = OpenSansBoldItalicLabel.m; sourceTree = "<group>"; };
		BF865B1F197C61C500A128AD /* OpenSansExtraBoldLabel.h */ = {isa = PBXFileReference; fileEncoding = 4; lastKnownFileType = sourcecode.c.h; path = OpenSansExtraBoldLabel.h; sourceTree = "<group>"; };
		BF865B20197C61C500A128AD /* OpenSansExtraBoldLabel.m */ = {isa = PBXFileReference; fileEncoding = 4; lastKnownFileType = sourcecode.c.objc; path = OpenSansExtraBoldLabel.m; sourceTree = "<group>"; };
		BF865B22197C61FF00A128AD /* OpenSansItalicLabel.h */ = {isa = PBXFileReference; fileEncoding = 4; lastKnownFileType = sourcecode.c.h; path = OpenSansItalicLabel.h; sourceTree = "<group>"; };
		BF865B23197C61FF00A128AD /* OpenSansItalicLabel.m */ = {isa = PBXFileReference; fileEncoding = 4; lastKnownFileType = sourcecode.c.objc; path = OpenSansItalicLabel.m; sourceTree = "<group>"; };
		BF865B25197C622100A128AD /* OpenSansExtraBoldItalicLabel.h */ = {isa = PBXFileReference; fileEncoding = 4; lastKnownFileType = sourcecode.c.h; path = OpenSansExtraBoldItalicLabel.h; sourceTree = "<group>"; };
		BF865B26197C622100A128AD /* OpenSansExtraBoldItalicLabel.m */ = {isa = PBXFileReference; fileEncoding = 4; lastKnownFileType = sourcecode.c.objc; path = OpenSansExtraBoldItalicLabel.m; sourceTree = "<group>"; };
		BF865B28197C624800A128AD /* OpenSansLightLabel.h */ = {isa = PBXFileReference; fileEncoding = 4; lastKnownFileType = sourcecode.c.h; path = OpenSansLightLabel.h; sourceTree = "<group>"; };
		BF865B29197C624800A128AD /* OpenSansLightLabel.m */ = {isa = PBXFileReference; fileEncoding = 4; lastKnownFileType = sourcecode.c.objc; path = OpenSansLightLabel.m; sourceTree = "<group>"; };
		BF865B2B197C626800A128AD /* OpenSansLightItalicLabel.h */ = {isa = PBXFileReference; fileEncoding = 4; lastKnownFileType = sourcecode.c.h; path = OpenSansLightItalicLabel.h; sourceTree = "<group>"; };
		BF865B2C197C626800A128AD /* OpenSansLightItalicLabel.m */ = {isa = PBXFileReference; fileEncoding = 4; lastKnownFileType = sourcecode.c.objc; path = OpenSansLightItalicLabel.m; sourceTree = "<group>"; };
		BF865B2E197C627B00A128AD /* OpenSansSemiBoldLabel.h */ = {isa = PBXFileReference; fileEncoding = 4; lastKnownFileType = sourcecode.c.h; path = OpenSansSemiBoldLabel.h; sourceTree = "<group>"; };
		BF865B2F197C627B00A128AD /* OpenSansSemiBoldLabel.m */ = {isa = PBXFileReference; fileEncoding = 4; lastKnownFileType = sourcecode.c.objc; path = OpenSansSemiBoldLabel.m; sourceTree = "<group>"; };
		BF865B31197C629800A128AD /* OpenSansSemiBoldItalicLabel.h */ = {isa = PBXFileReference; fileEncoding = 4; lastKnownFileType = sourcecode.c.h; path = OpenSansSemiBoldItalicLabel.h; sourceTree = "<group>"; };
		BF865B32197C629800A128AD /* OpenSansSemiBoldItalicLabel.m */ = {isa = PBXFileReference; fileEncoding = 4; lastKnownFileType = sourcecode.c.objc; path = OpenSansSemiBoldItalicLabel.m; sourceTree = "<group>"; };
		BF865B35197C682A00A128AD /* OpenSans-Bold.ttf */ = {isa = PBXFileReference; lastKnownFileType = file; path = "OpenSans-Bold.ttf"; sourceTree = "<group>"; };
		BF865B36197C682A00A128AD /* OpenSans-BoldItalic.ttf */ = {isa = PBXFileReference; lastKnownFileType = file; path = "OpenSans-BoldItalic.ttf"; sourceTree = "<group>"; };
		BF865B37197C682A00A128AD /* OpenSans-ExtraBold.ttf */ = {isa = PBXFileReference; lastKnownFileType = file; path = "OpenSans-ExtraBold.ttf"; sourceTree = "<group>"; };
		BF865B38197C682A00A128AD /* OpenSans-ExtraBoldItalic.ttf */ = {isa = PBXFileReference; lastKnownFileType = file; path = "OpenSans-ExtraBoldItalic.ttf"; sourceTree = "<group>"; };
		BF865B39197C682A00A128AD /* OpenSans-Italic.ttf */ = {isa = PBXFileReference; lastKnownFileType = file; path = "OpenSans-Italic.ttf"; sourceTree = "<group>"; };
		BF865B3A197C682A00A128AD /* OpenSans-Light.ttf */ = {isa = PBXFileReference; lastKnownFileType = file; path = "OpenSans-Light.ttf"; sourceTree = "<group>"; };
		BF865B3B197C682A00A128AD /* OpenSans-LightItalic.ttf */ = {isa = PBXFileReference; lastKnownFileType = file; path = "OpenSans-LightItalic.ttf"; sourceTree = "<group>"; };
		BF865B3C197C682A00A128AD /* OpenSans-Regular.ttf */ = {isa = PBXFileReference; lastKnownFileType = file; path = "OpenSans-Regular.ttf"; sourceTree = "<group>"; };
		BF865B3D197C682A00A128AD /* OpenSans-Semibold.ttf */ = {isa = PBXFileReference; lastKnownFileType = file; path = "OpenSans-Semibold.ttf"; sourceTree = "<group>"; };
		BF865B3E197C682A00A128AD /* OpenSans-SemiboldItalic.ttf */ = {isa = PBXFileReference; lastKnownFileType = file; path = "OpenSans-SemiboldItalic.ttf"; sourceTree = "<group>"; };
		BF865B4B197C90DC00A128AD /* TransactionsHeaderView.h */ = {isa = PBXFileReference; fileEncoding = 4; lastKnownFileType = sourcecode.c.h; path = TransactionsHeaderView.h; sourceTree = "<group>"; };
		BF865B4C197C90DC00A128AD /* TransactionsHeaderView.m */ = {isa = PBXFileReference; fileEncoding = 4; lastKnownFileType = sourcecode.c.objc; path = TransactionsHeaderView.m; sourceTree = "<group>"; };
		BF865B4E197C90F500A128AD /* TransactionsHeaderView.xib */ = {isa = PBXFileReference; fileEncoding = 4; lastKnownFileType = file.xib; path = TransactionsHeaderView.xib; sourceTree = "<group>"; };
		BF865B51197CD4D700A128AD /* TransactionManager.h */ = {isa = PBXFileReference; fileEncoding = 4; lastKnownFileType = sourcecode.c.h; path = TransactionManager.h; sourceTree = "<group>"; };
		BF865B52197CD4D700A128AD /* TransactionManager.m */ = {isa = PBXFileReference; fileEncoding = 4; lastKnownFileType = sourcecode.c.objc; path = TransactionManager.m; sourceTree = "<group>"; };
		BF865B53197CD4D700A128AD /* TransactionCategoryManager.h */ = {isa = PBXFileReference; fileEncoding = 4; lastKnownFileType = sourcecode.c.h; path = TransactionCategoryManager.h; sourceTree = "<group>"; };
		BF865B54197CD4D700A128AD /* TransactionCategoryManager.m */ = {isa = PBXFileReference; fileEncoding = 4; lastKnownFileType = sourcecode.c.objc; path = TransactionCategoryManager.m; sourceTree = "<group>"; };
		BF865B57197D71D800A128AD /* OpenSansLightTextField.h */ = {isa = PBXFileReference; fileEncoding = 4; lastKnownFileType = sourcecode.c.h; path = OpenSansLightTextField.h; sourceTree = "<group>"; };
		BF865B58197D71D800A128AD /* OpenSansLightTextField.m */ = {isa = PBXFileReference; fileEncoding = 4; lastKnownFileType = sourcecode.c.objc; path = OpenSansLightTextField.m; sourceTree = "<group>"; };
		BFBDEED7197B6B3700FE4348 /* User.h */ = {isa = PBXFileReference; fileEncoding = 4; lastKnownFileType = sourcecode.c.h; path = User.h; sourceTree = "<group>"; };
		BFBDEED8197B6B3700FE4348 /* User.m */ = {isa = PBXFileReference; fileEncoding = 4; lastKnownFileType = sourcecode.c.objc; path = User.m; sourceTree = "<group>"; };
/* End PBXFileReference section */

/* Begin PBXFrameworksBuildPhase section */
		2CBA468A1965DE3A00C6BEDF /* Frameworks */ = {
			isa = PBXFrameworksBuildPhase;
			buildActionMask = 2147483647;
			files = (
				2CBA46931965DE3A00C6BEDF /* CoreGraphics.framework in Frameworks */,
				2CBA46951965DE3A00C6BEDF /* UIKit.framework in Frameworks */,
				2C95F618197CC91400862497 /* Reveal.framework in Frameworks */,
				2CBA46911965DE3A00C6BEDF /* Foundation.framework in Frameworks */,
				C57A3931956D4561A3CA636E /* libPods-MAF.a in Frameworks */,
			);
			runOnlyForDeploymentPostprocessing = 0;
		};
		2CBA46A51965DE3A00C6BEDF /* Frameworks */ = {
			isa = PBXFrameworksBuildPhase;
			buildActionMask = 2147483647;
			files = (
				2CBA46AA1965DE3A00C6BEDF /* XCTest.framework in Frameworks */,
				2CBA46AC1965DE3A00C6BEDF /* UIKit.framework in Frameworks */,
				2CBA46AB1965DE3A00C6BEDF /* Foundation.framework in Frameworks */,
			);
			runOnlyForDeploymentPostprocessing = 0;
		};
/* End PBXFrameworksBuildPhase section */

/* Begin PBXGroup section */
		2CB5A492197F4B62004E42D8 /* SliceProgressBar */ = {
			isa = PBXGroup;
			children = (
				2CB5A496197F798E004E42D8 /* SliceProgressBar.h */,
				2CB5A497197F798E004E42D8 /* SliceProgressBar.m */,
				2CB5A49F197F9DE8004E42D8 /* SliceView.h */,
				2CB5A4A0197F9DE8004E42D8 /* SliceView.m */,
				2CB5A499197F9770004E42D8 /* ProgressDataSlice.h */,
				2CB5A49A197F9770004E42D8 /* ProgressDataSlice.m */,
			);
			name = SliceProgressBar;
			sourceTree = "<group>";
		};
		2CBA46841965DE3A00C6BEDF = {
			isa = PBXGroup;
			children = (
				2C95F617197CC91400862497 /* Reveal.framework */,
				2CBA46961965DE3A00C6BEDF /* MAF */,
				2CBA46AF1965DE3A00C6BEDF /* MAFTests */,
				2CBA468F1965DE3A00C6BEDF /* Frameworks */,
				2CBA468E1965DE3A00C6BEDF /* Products */,
				2E34DCBB40434C76BFF78BCA /* Pods-MAF.xcconfig */,
			);
			sourceTree = "<group>";
		};
		2CBA468E1965DE3A00C6BEDF /* Products */ = {
			isa = PBXGroup;
			children = (
				2CBA468D1965DE3A00C6BEDF /* MAF.app */,
				2CBA46A81965DE3A00C6BEDF /* MAFTests.xctest */,
			);
			name = Products;
			sourceTree = "<group>";
		};
		2CBA468F1965DE3A00C6BEDF /* Frameworks */ = {
			isa = PBXGroup;
			children = (
				2CBA46901965DE3A00C6BEDF /* Foundation.framework */,
				2CBA46921965DE3A00C6BEDF /* CoreGraphics.framework */,
				2CBA46941965DE3A00C6BEDF /* UIKit.framework */,
				2CBA46A91965DE3A00C6BEDF /* XCTest.framework */,
				16B3346FE0FB4EC3973C6B68 /* libPods-MAF.a */,
			);
			name = Frameworks;
			sourceTree = "<group>";
		};
		2CBA46961965DE3A00C6BEDF /* MAF */ = {
			isa = PBXGroup;
			children = (
				BF865B34197C632200A128AD /* Fonts */,
				BF277996196BB9D7005D4838 /* Forms */,
				2CBA46C31965EC1200C6BEDF /* Utilities */,
				2CBA46C21965DF6800C6BEDF /* APIs */,
				2CBA46C11965DF5900C6BEDF /* Models */,
				2CBA46C01965DF5500C6BEDF /* Views */,
				2CBA46BF1965DF4F00C6BEDF /* ViewControllers */,
				2CBA469F1965DE3A00C6BEDF /* AppDelegate.h */,
				2CBA46A01965DE3A00C6BEDF /* AppDelegate.m */,
				2CBA46A21965DE3A00C6BEDF /* Images.xcassets */,
				BF865B4A197C683600A128AD /* Resources */,
				2CBA46971965DE3A00C6BEDF /* Supporting Files */,
			);
			path = MAF;
			sourceTree = "<group>";
		};
		2CBA46971965DE3A00C6BEDF /* Supporting Files */ = {
			isa = PBXGroup;
			children = (
				2CBA46981965DE3A00C6BEDF /* MAF-Info.plist */,
				2CBA46991965DE3A00C6BEDF /* InfoPlist.strings */,
				2CBA469C1965DE3A00C6BEDF /* main.m */,
				2CBA469E1965DE3A00C6BEDF /* MAF-Prefix.pch */,
			);
			name = "Supporting Files";
			sourceTree = "<group>";
		};
		2CBA46AF1965DE3A00C6BEDF /* MAFTests */ = {
			isa = PBXGroup;
			children = (
				2CBA46B51965DE3A00C6BEDF /* MAFTests.m */,
				2CBA46B01965DE3A00C6BEDF /* Supporting Files */,
			);
			path = MAFTests;
			sourceTree = "<group>";
		};
		2CBA46B01965DE3A00C6BEDF /* Supporting Files */ = {
			isa = PBXGroup;
			children = (
				2CBA46B11965DE3A00C6BEDF /* MAFTests-Info.plist */,
				2CBA46B21965DE3A00C6BEDF /* InfoPlist.strings */,
			);
			name = "Supporting Files";
			sourceTree = "<group>";
		};
		2CBA46BF1965DF4F00C6BEDF /* ViewControllers */ = {
			isa = PBXGroup;
			children = (
				BF144313196A231100C2BB38 /* LoginViewController.h */,
				BF144314196A231100C2BB38 /* LoginViewController.m */,
				BF14431E196A293600C2BB38 /* SignupViewController.h */,
				BF14431F196A293600C2BB38 /* SignupViewController.m */,
				BF144321196A2A6600C2BB38 /* DashboardViewController.h */,
				BF144322196A2A6600C2BB38 /* DashboardViewController.m */,
				BF144323196A2A6600C2BB38 /* DashboardViewController.xib */,
				BF14433B196A7CB900C2BB38 /* CreateGoalViewController.h */,
				BF14433C196A7CB900C2BB38 /* CreateGoalViewController.m */,
				BF144353196A963000C2BB38 /* TransactionsListViewController.h */,
				BF144354196A963000C2BB38 /* TransactionsListViewController.m */,
				BF144355196A963000C2BB38 /* TransactionsListViewController.xib */,
				BAE442E8197F557E00F2A027 /* SimpleTransactionViewController.h */,
				BAE442E9197F557E00F2A027 /* SimpleTransactionViewController.m */,
				BAE442EA197F557E00F2A027 /* SimpleTransactionViewController.xib */,
				2C6674871974923F00434802 /* GoalDetailViewController.h */,
				2C6674881974923F00434802 /* GoalDetailViewController.m */,
				2C6674891974923F00434802 /* GoalDetailViewController.xib */,
				BAFB2C191975D39400A11C56 /* MultiInputViewController.h */,
				BAFB2C1A1975D39400A11C56 /* MultiInputViewController.m */,
				BAFB2C1B1975D39400A11C56 /* MultiInputViewController.xib */,
			);
			name = ViewControllers;
			sourceTree = "<group>";
		};
		2CBA46C01965DF5500C6BEDF /* Views */ = {
			isa = PBXGroup;
			children = (
				2CB5A492197F4B62004E42D8 /* SliceProgressBar */,
				BF865B50197C9A2900A128AD /* TransactionsTableView */,
				BA0C9B031975D79B00B15AEC /* CreateTransactionTableViewCell.h */,
				BA0C9B041975D79B00B15AEC /* CreateTransactionTableViewCell.m */,
				BA0C9B051975D79B00B15AEC /* CreateTransactionTableViewCell.xib */,
				2CD7C1ED1975FBA1007F6CB8 /* CashOverView.h */,
				2CD7C1EE1975FBA1007F6CB8 /* CashOverView.m */,
				2CD7C1F01975FBBA007F6CB8 /* CashOverView.xib */,
				2CD7C1F51975FD08007F6CB8 /* GoalCardView.h */,
				2CD7C1F61975FD08007F6CB8 /* GoalCardView.m */,
				2CD7C1F81975FD1B007F6CB8 /* GoalCardView.xib */,
				2C84014619787FB4008D9D73 /* GoalStatsView.h */,
				2C84014719787FB4008D9D73 /* GoalStatsView.m */,
				2C84014419787F69008D9D73 /* GoalStatsView.xib */,
				2CC35A13197B1D3100716B37 /* LendingSocialCell.h */,
				2CC35A14197B1D3100716B37 /* LendingSocialCell.m */,
				2CC35A18197B1D9500716B37 /* LendingSocialCell.xib */,
				2C95F619197DDAE600862497 /* NoGoalView.h */,
				2C95F61A197DDAE600862497 /* NoGoalView.m */,
				2C95F61C197DDAF700862497 /* NoGoalView.xib */,
			);
			name = Views;
			sourceTree = "<group>";
		};
		2CBA46C11965DF5900C6BEDF /* Models */ = {
			isa = PBXGroup;
			children = (
				BF14432C196A471300C2BB38 /* Goal.h */,
				BF14432D196A471300C2BB38 /* Goal.m */,
				2C95F65F197E5D5700862497 /* GoalSet.h */,
				2C95F660197E5D5700862497 /* GoalSet.m */,
				BF14432F196A4FAD00C2BB38 /* Transaction.h */,
				BF144330196A4FAD00C2BB38 /* Transaction.m */,
				BF1B2FF619770B1100F68B2E /* TransactionCategory.h */,
				BF1B2FF719770B1100F68B2E /* TransactionCategory.m */,
				BF1B300119775E6200F68B2E /* TransactionsSet.h */,
				BF1B300219775E6200F68B2E /* TransactionsSet.m */,
				BFBDEED7197B6B3700FE4348 /* User.h */,
				BFBDEED8197B6B3700FE4348 /* User.m */,
				BF865AFD197C593000A128AD /* Friend.h */,
				BF865AFE197C593000A128AD /* Friend.m */,
			);
			name = Models;
			sourceTree = "<group>";
		};
		2CBA46C21965DF6800C6BEDF /* APIs */ = {
			isa = PBXGroup;
			children = (
				BF865B51197CD4D700A128AD /* TransactionManager.h */,
				BF865B52197CD4D700A128AD /* TransactionManager.m */,
				BF865B53197CD4D700A128AD /* TransactionCategoryManager.h */,
				BF865B54197CD4D700A128AD /* TransactionCategoryManager.m */,
				BF144326196A3BB400C2BB38 /* GoalManager.h */,
				BF144327196A3BB400C2BB38 /* GoalManager.m */,
			);
			name = APIs;
			sourceTree = "<group>";
		};
		2CBA46C31965EC1200C6BEDF /* Utilities */ = {
			isa = PBXGroup;
			children = (
				BA2BF6E4197B6541006BE506 /* ServicesConfig.plist */,
				2C66748C1974FDB600434802 /* Utilities.h */,
				2C66748D1974FDB600434802 /* Utilities.m */,
			);
			name = Utilities;
			sourceTree = "<group>";
		};
		BF277996196BB9D7005D4838 /* Forms */ = {
			isa = PBXGroup;
			children = (
				BF32CC5F1974AB7E0050E3D5 /* MAFActionFormButtonDelegate.h */,
				BF32CC601974AFE80050E3D5 /* XLFormViewController_MAFActionFormButton.h */,
				BF27799A196BC40B005D4838 /* MAFActionFormButtonCell.h */,
				BF27799B196BC40B005D4838 /* MAFActionFormButtonCell.m */,
				BF277997196BBA11005D4838 /* CreateGoalForm.h */,
				BF277998196BBA11005D4838 /* CreateGoalForm.m */,
				BF32CC611974B1B70050E3D5 /* CreateTransactionForm.h */,
				BF32CC621974B1B70050E3D5 /* CreateTransactionForm.m */,
			);
			name = Forms;
			sourceTree = "<group>";
		};
		BF865B34197C632200A128AD /* Fonts */ = {
			isa = PBXGroup;
			children = (
				BF865B16197C5F2100A128AD /* OpenSansRegularLabel.h */,
				BF865B17197C5F2100A128AD /* OpenSansRegularLabel.m */,
				BF865B19197C615D00A128AD /* OpenSansBoldLabel.h */,
				BF865B1A197C615D00A128AD /* OpenSansBoldLabel.m */,
				BF865B1C197C619200A128AD /* OpenSansBoldItalicLabel.h */,
				BF865B1D197C619200A128AD /* OpenSansBoldItalicLabel.m */,
				BF865B1F197C61C500A128AD /* OpenSansExtraBoldLabel.h */,
				BF865B20197C61C500A128AD /* OpenSansExtraBoldLabel.m */,
				BF865B25197C622100A128AD /* OpenSansExtraBoldItalicLabel.h */,
				BF865B26197C622100A128AD /* OpenSansExtraBoldItalicLabel.m */,
				BF865B22197C61FF00A128AD /* OpenSansItalicLabel.h */,
				BF865B23197C61FF00A128AD /* OpenSansItalicLabel.m */,
				BF865B28197C624800A128AD /* OpenSansLightLabel.h */,
				BF865B29197C624800A128AD /* OpenSansLightLabel.m */,
				BF865B2B197C626800A128AD /* OpenSansLightItalicLabel.h */,
				BF865B2C197C626800A128AD /* OpenSansLightItalicLabel.m */,
				BF865B2E197C627B00A128AD /* OpenSansSemiBoldLabel.h */,
				BF865B2F197C627B00A128AD /* OpenSansSemiBoldLabel.m */,
				BF865B31197C629800A128AD /* OpenSansSemiBoldItalicLabel.h */,
				BF865B32197C629800A128AD /* OpenSansSemiBoldItalicLabel.m */,
				BF865B57197D71D800A128AD /* OpenSansLightTextField.h */,
				BF865B58197D71D800A128AD /* OpenSansLightTextField.m */,
			);
			name = Fonts;
			sourceTree = "<group>";
		};
		BF865B4A197C683600A128AD /* Resources */ = {
			isa = PBXGroup;
			children = (
				BF865B35197C682A00A128AD /* OpenSans-Bold.ttf */,
				BF865B36197C682A00A128AD /* OpenSans-BoldItalic.ttf */,
				BF865B37197C682A00A128AD /* OpenSans-ExtraBold.ttf */,
				BF865B38197C682A00A128AD /* OpenSans-ExtraBoldItalic.ttf */,
				BF865B39197C682A00A128AD /* OpenSans-Italic.ttf */,
				BF865B3A197C682A00A128AD /* OpenSans-Light.ttf */,
				BF865B3B197C682A00A128AD /* OpenSans-LightItalic.ttf */,
				BF865B3C197C682A00A128AD /* OpenSans-Regular.ttf */,
				BF865B3D197C682A00A128AD /* OpenSans-Semibold.ttf */,
				BF865B3E197C682A00A128AD /* OpenSans-SemiboldItalic.ttf */,
			);
			name = Resources;
			sourceTree = "<group>";
		};
		BF865B50197C9A2900A128AD /* TransactionsTableView */ = {
			isa = PBXGroup;
			children = (
				BF14434E196A95D600C2BB38 /* TransactionTableViewCell.h */,
				BF14434F196A95D600C2BB38 /* TransactionTableViewCell.m */,
				BF144350196A95D600C2BB38 /* TransactionTableViewCell.xib */,
				BF1B2FFC197757AB00F68B2E /* TransactionsSummaryHeaderView.h */,
				BF1B2FFD197757AB00F68B2E /* TransactionsSummaryHeaderView.m */,
				BF1B2FFE197757AB00F68B2E /* TransactionsSummaryHeaderView.xib */,
				BF865B4B197C90DC00A128AD /* TransactionsHeaderView.h */,
				BF865B4C197C90DC00A128AD /* TransactionsHeaderView.m */,
				BF865B4E197C90F500A128AD /* TransactionsHeaderView.xib */,
				BF4FC9D9197F3BE400BDF982 /* EmptyTransactionsView.h */,
				BF4FC9DA197F3BE400BDF982 /* EmptyTransactionsView.m */,
				BF4FC9D7197F3BD900BDF982 /* EmptyTransactionsView.xib */,
			);
			name = TransactionsTableView;
			sourceTree = "<group>";
		};
/* End PBXGroup section */

/* Begin PBXNativeTarget section */
		2CBA468C1965DE3A00C6BEDF /* MAF */ = {
			isa = PBXNativeTarget;
			buildConfigurationList = 2CBA46B91965DE3A00C6BEDF /* Build configuration list for PBXNativeTarget "MAF" */;
			buildPhases = (
				EEEA856705EF4A2E82F6B0E4 /* Check Pods Manifest.lock */,
				2CBA46891965DE3A00C6BEDF /* Sources */,
				2CBA468A1965DE3A00C6BEDF /* Frameworks */,
				2CBA468B1965DE3A00C6BEDF /* Resources */,
				2668476067494B849368D3FB /* Copy Pods Resources */,
			);
			buildRules = (
			);
			dependencies = (
			);
			name = MAF;
			productName = MAF;
			productReference = 2CBA468D1965DE3A00C6BEDF /* MAF.app */;
			productType = "com.apple.product-type.application";
		};
		2CBA46A71965DE3A00C6BEDF /* MAFTests */ = {
			isa = PBXNativeTarget;
			buildConfigurationList = 2CBA46BC1965DE3A00C6BEDF /* Build configuration list for PBXNativeTarget "MAFTests" */;
			buildPhases = (
				2CBA46A41965DE3A00C6BEDF /* Sources */,
				2CBA46A51965DE3A00C6BEDF /* Frameworks */,
				2CBA46A61965DE3A00C6BEDF /* Resources */,
			);
			buildRules = (
			);
			dependencies = (
				2CBA46AE1965DE3A00C6BEDF /* PBXTargetDependency */,
			);
			name = MAFTests;
			productName = MAFTests;
			productReference = 2CBA46A81965DE3A00C6BEDF /* MAFTests.xctest */;
			productType = "com.apple.product-type.bundle.unit-test";
		};
/* End PBXNativeTarget section */

/* Begin PBXProject section */
		2CBA46851965DE3A00C6BEDF /* Project object */ = {
			isa = PBXProject;
			attributes = {
				LastUpgradeCheck = 0510;
				ORGANIZATIONNAME = "NinjaSudo Inc";
				TargetAttributes = {
					2CBA46A71965DE3A00C6BEDF = {
						TestTargetID = 2CBA468C1965DE3A00C6BEDF;
					};
				};
			};
			buildConfigurationList = 2CBA46881965DE3A00C6BEDF /* Build configuration list for PBXProject "MAF" */;
			compatibilityVersion = "Xcode 3.2";
			developmentRegion = English;
			hasScannedForEncodings = 0;
			knownRegions = (
				en,
			);
			mainGroup = 2CBA46841965DE3A00C6BEDF;
			productRefGroup = 2CBA468E1965DE3A00C6BEDF /* Products */;
			projectDirPath = "";
			projectRoot = "";
			targets = (
				2CBA468C1965DE3A00C6BEDF /* MAF */,
				2CBA46A71965DE3A00C6BEDF /* MAFTests */,
			);
		};
/* End PBXProject section */

/* Begin PBXResourcesBuildPhase section */
		2CBA468B1965DE3A00C6BEDF /* Resources */ = {
			isa = PBXResourcesBuildPhase;
			buildActionMask = 2147483647;
			files = (
				BF865B4F197C90F500A128AD /* TransactionsHeaderView.xib in Resources */,
				BF865B45197C682A00A128AD /* OpenSans-LightItalic.ttf in Resources */,
				2CD7C1F91975FD1B007F6CB8 /* GoalCardView.xib in Resources */,
				2CC35A19197B1D9500716B37 /* LendingSocialCell.xib in Resources */,
				BF865B3F197C682A00A128AD /* OpenSans-Bold.ttf in Resources */,
				BF144357196A963000C2BB38 /* TransactionsListViewController.xib in Resources */,
				2C66748B1974923F00434802 /* GoalDetailViewController.xib in Resources */,
				BF865B43197C682A00A128AD /* OpenSans-Italic.ttf in Resources */,
				2C95F61D197DDAF700862497 /* NoGoalView.xib in Resources */,
				BF865B40197C682A00A128AD /* OpenSans-BoldItalic.ttf in Resources */,
				BF865B42197C682A00A128AD /* OpenSans-ExtraBoldItalic.ttf in Resources */,
				2CBA469B1965DE3A00C6BEDF /* InfoPlist.strings in Resources */,
				2CBA46A31965DE3A00C6BEDF /* Images.xcassets in Resources */,
				2C667486197449B000434802 /* (null) in Resources */,
				BAE442EC197F557E00F2A027 /* SimpleTransactionViewController.xib in Resources */,
				BF865B41197C682A00A128AD /* OpenSans-ExtraBold.ttf in Resources */,
				BF865B48197C682A00A128AD /* OpenSans-SemiboldItalic.ttf in Resources */,
				BA0C9B071975D79B00B15AEC /* CreateTransactionTableViewCell.xib in Resources */,
				BA2BF6E5197B6541006BE506 /* ServicesConfig.plist in Resources */,
				BF144352196A95D600C2BB38 /* TransactionTableViewCell.xib in Resources */,
				BAFB2C1D1975D39400A11C56 /* MultiInputViewController.xib in Resources */,
				2CD7C1F11975FBBA007F6CB8 /* CashOverView.xib in Resources */,
				BF144352196A95D600C2BB38 /* TransactionTableViewCell.xib in Resources */,
				BF4FC9D8197F3BD900BDF982 /* EmptyTransactionsView.xib in Resources */,
				BF865B47197C682A00A128AD /* OpenSans-Semibold.ttf in Resources */,
				2C84014519787F69008D9D73 /* GoalStatsView.xib in Resources */,
				BF144325196A2A6600C2BB38 /* DashboardViewController.xib in Resources */,
				BF865B44197C682A00A128AD /* OpenSans-Light.ttf in Resources */,
				BF865B46197C682A00A128AD /* OpenSans-Regular.ttf in Resources */,
				BF1B3000197757AB00F68B2E /* TransactionsSummaryHeaderView.xib in Resources */,
			);
			runOnlyForDeploymentPostprocessing = 0;
		};
		2CBA46A61965DE3A00C6BEDF /* Resources */ = {
			isa = PBXResourcesBuildPhase;
			buildActionMask = 2147483647;
			files = (
				2CBA46B41965DE3A00C6BEDF /* InfoPlist.strings in Resources */,
			);
			runOnlyForDeploymentPostprocessing = 0;
		};
/* End PBXResourcesBuildPhase section */

/* Begin PBXShellScriptBuildPhase section */
		2668476067494B849368D3FB /* Copy Pods Resources */ = {
			isa = PBXShellScriptBuildPhase;
			buildActionMask = 2147483647;
			files = (
			);
			inputPaths = (
			);
			name = "Copy Pods Resources";
			outputPaths = (
			);
			runOnlyForDeploymentPostprocessing = 0;
			shellPath = /bin/sh;
			shellScript = "\"${SRCROOT}/Pods/Pods-MAF-resources.sh\"\n";
			showEnvVarsInLog = 0;
		};
		EEEA856705EF4A2E82F6B0E4 /* Check Pods Manifest.lock */ = {
			isa = PBXShellScriptBuildPhase;
			buildActionMask = 2147483647;
			files = (
			);
			inputPaths = (
			);
			name = "Check Pods Manifest.lock";
			outputPaths = (
			);
			runOnlyForDeploymentPostprocessing = 0;
			shellPath = /bin/sh;
			shellScript = "diff \"${PODS_ROOT}/../Podfile.lock\" \"${PODS_ROOT}/Manifest.lock\" > /dev/null\nif [[ $? != 0 ]] ; then\n    cat << EOM\nerror: The sandbox is not in sync with the Podfile.lock. Run 'pod install' or update your CocoaPods installation.\nEOM\n    exit 1\nfi\n";
			showEnvVarsInLog = 0;
		};
/* End PBXShellScriptBuildPhase section */

/* Begin PBXSourcesBuildPhase section */
		2CBA46891965DE3A00C6BEDF /* Sources */ = {
			isa = PBXSourcesBuildPhase;
			buildActionMask = 2147483647;
			files = (
				2CB5A49B197F9770004E42D8 /* ProgressDataSlice.m in Sources */,
				BFBDEED9197B6B3700FE4348 /* User.m in Sources */,
				BF865AFF197C593000A128AD /* Friend.m in Sources */,
				BF14432E196A471300C2BB38 /* Goal.m in Sources */,
				BF865B27197C622100A128AD /* OpenSansExtraBoldItalicLabel.m in Sources */,
				BF865B1B197C615D00A128AD /* OpenSansBoldLabel.m in Sources */,
				BF144356196A963000C2BB38 /* TransactionsListViewController.m in Sources */,
				BF144320196A293600C2BB38 /* SignupViewController.m in Sources */,
				2CB5A498197F798E004E42D8 /* SliceProgressBar.m in Sources */,
				BF277999196BBA11005D4838 /* CreateGoalForm.m in Sources */,
				BF865B1E197C619200A128AD /* OpenSansBoldItalicLabel.m in Sources */,
				BF865B2A197C624800A128AD /* OpenSansLightLabel.m in Sources */,
				2C95F61B197DDAE600862497 /* NoGoalView.m in Sources */,
				BF14433D196A7CB900C2BB38 /* CreateGoalViewController.m in Sources */,
				2CC35A15197B1D3100716B37 /* LendingSocialCell.m in Sources */,
				BAE442EB197F557E00F2A027 /* SimpleTransactionViewController.m in Sources */,
				BF144324196A2A6600C2BB38 /* DashboardViewController.m in Sources */,
				2CD7C1F71975FD08007F6CB8 /* GoalCardView.m in Sources */,
				2CB5A4A1197F9DE8004E42D8 /* SliceView.m in Sources */,
				2C84014819787FB4008D9D73 /* GoalStatsView.m in Sources */,
				BF865B56197CD4D700A128AD /* TransactionCategoryManager.m in Sources */,
				BF4FC9DB197F3BE400BDF982 /* EmptyTransactionsView.m in Sources */,
				BF865B33197C629800A128AD /* OpenSansSemiBoldItalicLabel.m in Sources */,
				2C66748A1974923F00434802 /* GoalDetailViewController.m in Sources */,
				BAFB2C1C1975D39400A11C56 /* MultiInputViewController.m in Sources */,
				2C66748E1974FDB600434802 /* Utilities.m in Sources */,
				BF865B21197C61C500A128AD /* OpenSansExtraBoldLabel.m in Sources */,
				2C95F661197E5D5700862497 /* GoalSet.m in Sources */,
				2CBA46A11965DE3A00C6BEDF /* AppDelegate.m in Sources */,
				BF865B18197C5F2100A128AD /* OpenSansRegularLabel.m in Sources */,
				BF1B300319775E6200F68B2E /* TransactionsSet.m in Sources */,
				2CBA469D1965DE3A00C6BEDF /* main.m in Sources */,
				BF1B2FF819770B1100F68B2E /* TransactionCategory.m in Sources */,
				BA0C9B061975D79B00B15AEC /* CreateTransactionTableViewCell.m in Sources */,
				BF144328196A3BB400C2BB38 /* GoalManager.m in Sources */,
				BF32CC631974B1B70050E3D5 /* CreateTransactionForm.m in Sources */,
				BF144331196A4FAD00C2BB38 /* Transaction.m in Sources */,
				BF144351196A95D600C2BB38 /* TransactionTableViewCell.m in Sources */,
				BF865B4D197C90DC00A128AD /* TransactionsHeaderView.m in Sources */,
				BF27799C196BC40B005D4838 /* MAFActionFormButtonCell.m in Sources */,
				BF865B2D197C626800A128AD /* OpenSansLightItalicLabel.m in Sources */,
				BF1B2FFF197757AB00F68B2E /* TransactionsSummaryHeaderView.m in Sources */,
				BF865B55197CD4D700A128AD /* TransactionManager.m in Sources */,
				BF865B59197D71D800A128AD /* OpenSansLightTextField.m in Sources */,
				BF865B30197C627B00A128AD /* OpenSansSemiBoldLabel.m in Sources */,
				BF865B24197C61FF00A128AD /* OpenSansItalicLabel.m in Sources */,
				BF144316196A231100C2BB38 /* LoginViewController.m in Sources */,
				2CD7C1EF1975FBA1007F6CB8 /* CashOverView.m in Sources */,
			);
			runOnlyForDeploymentPostprocessing = 0;
		};
		2CBA46A41965DE3A00C6BEDF /* Sources */ = {
			isa = PBXSourcesBuildPhase;
			buildActionMask = 2147483647;
			files = (
				2CBA46B61965DE3A00C6BEDF /* MAFTests.m in Sources */,
			);
			runOnlyForDeploymentPostprocessing = 0;
		};
/* End PBXSourcesBuildPhase section */

/* Begin PBXTargetDependency section */
		2CBA46AE1965DE3A00C6BEDF /* PBXTargetDependency */ = {
			isa = PBXTargetDependency;
			target = 2CBA468C1965DE3A00C6BEDF /* MAF */;
			targetProxy = 2CBA46AD1965DE3A00C6BEDF /* PBXContainerItemProxy */;
		};
/* End PBXTargetDependency section */

/* Begin PBXVariantGroup section */
		2CBA46991965DE3A00C6BEDF /* InfoPlist.strings */ = {
			isa = PBXVariantGroup;
			children = (
				2CBA469A1965DE3A00C6BEDF /* en */,
			);
			name = InfoPlist.strings;
			sourceTree = "<group>";
		};
		2CBA46B21965DE3A00C6BEDF /* InfoPlist.strings */ = {
			isa = PBXVariantGroup;
			children = (
				2CBA46B31965DE3A00C6BEDF /* en */,
			);
			name = InfoPlist.strings;
			sourceTree = "<group>";
		};
/* End PBXVariantGroup section */

/* Begin XCBuildConfiguration section */
		2CBA46B71965DE3A00C6BEDF /* Debug */ = {
			isa = XCBuildConfiguration;
			buildSettings = {
				ALWAYS_SEARCH_USER_PATHS = NO;
				CLANG_CXX_LANGUAGE_STANDARD = "gnu++0x";
				CLANG_CXX_LIBRARY = "libc++";
				CLANG_ENABLE_MODULES = YES;
				CLANG_ENABLE_OBJC_ARC = YES;
				CLANG_WARN_BOOL_CONVERSION = YES;
				CLANG_WARN_CONSTANT_CONVERSION = YES;
				CLANG_WARN_DIRECT_OBJC_ISA_USAGE = YES_ERROR;
				CLANG_WARN_EMPTY_BODY = YES;
				CLANG_WARN_ENUM_CONVERSION = YES;
				CLANG_WARN_INT_CONVERSION = YES;
				CLANG_WARN_OBJC_ROOT_CLASS = YES_ERROR;
				CLANG_WARN__DUPLICATE_METHOD_MATCH = YES;
				"CODE_SIGN_IDENTITY[sdk=iphoneos*]" = "iPhone Developer";
				COPY_PHASE_STRIP = NO;
				GCC_C_LANGUAGE_STANDARD = gnu99;
				GCC_DYNAMIC_NO_PIC = NO;
				GCC_OPTIMIZATION_LEVEL = 0;
				GCC_PREPROCESSOR_DEFINITIONS = (
					"DEBUG=1",
					"$(inherited)",
				);
				GCC_SYMBOLS_PRIVATE_EXTERN = NO;
				GCC_WARN_64_TO_32_BIT_CONVERSION = YES;
				GCC_WARN_ABOUT_RETURN_TYPE = YES_ERROR;
				GCC_WARN_UNDECLARED_SELECTOR = YES;
				GCC_WARN_UNINITIALIZED_AUTOS = YES_AGGRESSIVE;
				GCC_WARN_UNUSED_FUNCTION = YES;
				GCC_WARN_UNUSED_VARIABLE = YES;
				IPHONEOS_DEPLOYMENT_TARGET = 7.1;
				ONLY_ACTIVE_ARCH = YES;
				SDKROOT = iphoneos;
				TARGETED_DEVICE_FAMILY = "1,2";
			};
			name = Debug;
		};
		2CBA46B81965DE3A00C6BEDF /* Release */ = {
			isa = XCBuildConfiguration;
			buildSettings = {
				ALWAYS_SEARCH_USER_PATHS = NO;
				CLANG_CXX_LANGUAGE_STANDARD = "gnu++0x";
				CLANG_CXX_LIBRARY = "libc++";
				CLANG_ENABLE_MODULES = YES;
				CLANG_ENABLE_OBJC_ARC = YES;
				CLANG_WARN_BOOL_CONVERSION = YES;
				CLANG_WARN_CONSTANT_CONVERSION = YES;
				CLANG_WARN_DIRECT_OBJC_ISA_USAGE = YES_ERROR;
				CLANG_WARN_EMPTY_BODY = YES;
				CLANG_WARN_ENUM_CONVERSION = YES;
				CLANG_WARN_INT_CONVERSION = YES;
				CLANG_WARN_OBJC_ROOT_CLASS = YES_ERROR;
				CLANG_WARN__DUPLICATE_METHOD_MATCH = YES;
				"CODE_SIGN_IDENTITY[sdk=iphoneos*]" = "iPhone Developer";
				COPY_PHASE_STRIP = YES;
				ENABLE_NS_ASSERTIONS = NO;
				GCC_C_LANGUAGE_STANDARD = gnu99;
				GCC_WARN_64_TO_32_BIT_CONVERSION = YES;
				GCC_WARN_ABOUT_RETURN_TYPE = YES_ERROR;
				GCC_WARN_UNDECLARED_SELECTOR = YES;
				GCC_WARN_UNINITIALIZED_AUTOS = YES_AGGRESSIVE;
				GCC_WARN_UNUSED_FUNCTION = YES;
				GCC_WARN_UNUSED_VARIABLE = YES;
				IPHONEOS_DEPLOYMENT_TARGET = 7.1;
				SDKROOT = iphoneos;
				TARGETED_DEVICE_FAMILY = "1,2";
				VALIDATE_PRODUCT = YES;
			};
			name = Release;
		};
		2CBA46BA1965DE3A00C6BEDF /* Debug */ = {
			isa = XCBuildConfiguration;
			baseConfigurationReference = 2E34DCBB40434C76BFF78BCA /* Pods-MAF.xcconfig */;
			buildSettings = {
				ASSETCATALOG_COMPILER_APPICON_NAME = AppIcon;
				ASSETCATALOG_COMPILER_LAUNCHIMAGE_NAME = LaunchImage;
				FRAMEWORK_SEARCH_PATHS = (
					"$(inherited)",
					"$(PROJECT_DIR)",
				);
				GCC_PRECOMPILE_PREFIX_HEADER = YES;
				GCC_PREFIX_HEADER = "MAF/MAF-Prefix.pch";
				INFOPLIST_FILE = "MAF/MAF-Info.plist";
				PRODUCT_NAME = "$(TARGET_NAME)";
				WRAPPER_EXTENSION = app;
			};
			name = Debug;
		};
		2CBA46BB1965DE3A00C6BEDF /* Release */ = {
			isa = XCBuildConfiguration;
			baseConfigurationReference = 2E34DCBB40434C76BFF78BCA /* Pods-MAF.xcconfig */;
			buildSettings = {
				ASSETCATALOG_COMPILER_APPICON_NAME = AppIcon;
				ASSETCATALOG_COMPILER_LAUNCHIMAGE_NAME = LaunchImage;
				FRAMEWORK_SEARCH_PATHS = (
					"$(inherited)",
					"$(PROJECT_DIR)",
				);
				GCC_PRECOMPILE_PREFIX_HEADER = YES;
				GCC_PREFIX_HEADER = "MAF/MAF-Prefix.pch";
				INFOPLIST_FILE = "MAF/MAF-Info.plist";
				PRODUCT_NAME = "$(TARGET_NAME)";
				WRAPPER_EXTENSION = app;
			};
			name = Release;
		};
		2CBA46BD1965DE3A00C6BEDF /* Debug */ = {
			isa = XCBuildConfiguration;
			buildSettings = {
				BUNDLE_LOADER = "$(BUILT_PRODUCTS_DIR)/MAF.app/MAF";
				FRAMEWORK_SEARCH_PATHS = (
					"$(SDKROOT)/Developer/Library/Frameworks",
					"$(inherited)",
					"$(DEVELOPER_FRAMEWORKS_DIR)",
				);
				GCC_PRECOMPILE_PREFIX_HEADER = YES;
				GCC_PREFIX_HEADER = "MAF/MAF-Prefix.pch";
				GCC_PREPROCESSOR_DEFINITIONS = (
					"DEBUG=1",
					"$(inherited)",
				);
				INFOPLIST_FILE = "MAFTests/MAFTests-Info.plist";
				PRODUCT_NAME = "$(TARGET_NAME)";
				TEST_HOST = "$(BUNDLE_LOADER)";
				WRAPPER_EXTENSION = xctest;
			};
			name = Debug;
		};
		2CBA46BE1965DE3A00C6BEDF /* Release */ = {
			isa = XCBuildConfiguration;
			buildSettings = {
				BUNDLE_LOADER = "$(BUILT_PRODUCTS_DIR)/MAF.app/MAF";
				FRAMEWORK_SEARCH_PATHS = (
					"$(SDKROOT)/Developer/Library/Frameworks",
					"$(inherited)",
					"$(DEVELOPER_FRAMEWORKS_DIR)",
				);
				GCC_PRECOMPILE_PREFIX_HEADER = YES;
				GCC_PREFIX_HEADER = "MAF/MAF-Prefix.pch";
				INFOPLIST_FILE = "MAFTests/MAFTests-Info.plist";
				PRODUCT_NAME = "$(TARGET_NAME)";
				TEST_HOST = "$(BUNDLE_LOADER)";
				WRAPPER_EXTENSION = xctest;
			};
			name = Release;
		};
/* End XCBuildConfiguration section */

/* Begin XCConfigurationList section */
		2CBA46881965DE3A00C6BEDF /* Build configuration list for PBXProject "MAF" */ = {
			isa = XCConfigurationList;
			buildConfigurations = (
				2CBA46B71965DE3A00C6BEDF /* Debug */,
				2CBA46B81965DE3A00C6BEDF /* Release */,
			);
			defaultConfigurationIsVisible = 0;
			defaultConfigurationName = Release;
		};
		2CBA46B91965DE3A00C6BEDF /* Build configuration list for PBXNativeTarget "MAF" */ = {
			isa = XCConfigurationList;
			buildConfigurations = (
				2CBA46BA1965DE3A00C6BEDF /* Debug */,
				2CBA46BB1965DE3A00C6BEDF /* Release */,
			);
			defaultConfigurationIsVisible = 0;
			defaultConfigurationName = Release;
		};
		2CBA46BC1965DE3A00C6BEDF /* Build configuration list for PBXNativeTarget "MAFTests" */ = {
			isa = XCConfigurationList;
			buildConfigurations = (
				2CBA46BD1965DE3A00C6BEDF /* Debug */,
				2CBA46BE1965DE3A00C6BEDF /* Release */,
			);
			defaultConfigurationIsVisible = 0;
			defaultConfigurationName = Release;
		};
/* End XCConfigurationList section */
	};
	rootObject = 2CBA46851965DE3A00C6BEDF /* Project object */;
}
